
Microsoft Visual Studio Solution File, Format Version 12.00
# Visual Studio 14
VisualStudioVersion = 14.0.25420.1
MinimumVisualStudioVersion = 10.0.40219.1
Project("{FAE04EC0-301F-11D3-BF4B-00C04F79EFBC}") = "SoftUniDatabase", "SoftUniDatabase\SoftUniDatabase.csproj", "{10CD9940-6394-4D91-811E-5321DEEA616F}"
EndProject
Project("{FAE04EC0-301F-11D3-BF4B-00C04F79EFBC}") = "GringottsDatabase", "GringottsDatabase\GringottsDatabase.csproj", "{1C0E80EA-483D-4C55-89DE-6422790BDF07}"
EndProject
Global
	GlobalSection(SolutionConfigurationPlatforms) = preSolution
		Debug|Any CPU = Debug|Any CPU
		Release|Any CPU = Release|Any CPU
	EndGlobalSection
	GlobalSection(ProjectConfigurationPlatforms) = postSolution
		{10CD9940-6394-4D91-811E-5321DEEA616F}.Debug|Any CPU.ActiveCfg = Debug|Any CPU
		{10CD9940-6394-4D91-811E-5321DEEA616F}.Debug|Any CPU.Build.0 = Debug|Any CPU
		{10CD9940-6394-4D91-811E-5321DEEA616F}.Release|Any CPU.ActiveCfg = Release|Any CPU
		{10CD9940-6394-4D91-811E-5321DEEA616F}.Release|Any CPU.Build.0 = Release|Any CPU
		{1C0E80EA-483D-4C55-89DE-6422790BDF07}.Debug|Any CPU.ActiveCfg = Debug|Any CPU
		{1C0E80EA-483D-4C55-89DE-6422790BDF07}.Debug|Any CPU.Build.0 = Debug|Any CPU
		{1C0E80EA-483D-4C55-89DE-6422790BDF07}.Release|Any CPU.ActiveCfg = Release|Any CPU
		{1C0E80EA-483D-4C55-89DE-6422790BDF07}.Release|Any CPU.Build.0 = Release|Any CPU
	EndGlobalSection
	GlobalSection(SolutionProperties) = preSolution
		HideSolutionNode = FALSE
	EndGlobalSection
EndGlobal
